Microsoft Visual Studio Solution File, Format Version 12.00
# Visual Studio Version 17
VisualStudioVersion = 17.5.2.0
MinimumVisualStudioVersion = 10.0.40219.1
Project("{FAE04EC0-301F-11D3-BF4B-00C04F79EFBC}") = "TwiceTasks", "TwiceTasks.csproj", "{8AA6B50A-D9AF-9DC6-E904-80F42649D2A7}"
EndProject
Global
	GlobalSection(SolutionConfigurationPlatforms) = preSolution
		Debug|Any CPU = Debug|Any CPU
		Release|Any CPU = Release|Any CPU
	EndGlobalSection
	GlobalSection(ProjectConfigurationPlatforms) = postSolution
		{8AA6B50A-D9AF-9DC6-E904-80F42649D2A7}.Debug|Any CPU.ActiveCfg = Debug|Any CPU
		{8AA6B50A-D9AF-9DC6-E904-80F42649D2A7}.Debug|Any CPU.Build.0 = Debug|Any CPU
		{8AA6B50A-D9AF-9DC6-E904-80F42649D2A7}.Release|Any CPU.ActiveCfg = Release|Any CPU
		{8AA6B50A-D9AF-9DC6-E904-80F42649D2A7}.Release|Any CPU.Build.0 = Release|Any CPU
	EndGlobalSection
	GlobalSection(SolutionProperties) = preSolution
		HideSolutionNode = FALSE
	EndGlobalSection
	GlobalSection(ExtensibilityGlobals) = postSolution
		SolutionGuid = {EE363C31-92F1-4A81-92BE-489AF88E5940}
	EndGlobalSection
EndGlobal
